
Microsoft Visual Studio Solution File, Format Version 12.00
# Visual Studio Version 16
VisualStudioVersion = 16.0.31410.357
MinimumVisualStudioVersion = 10.0.40219.1
Project("{FAE04EC0-301F-11D3-BF4B-00C04F79EFBC}") = "WeightTrackerApp6", "WeightTrackerApp6.csproj", "{137BB2BD-AE78-4D8A-9537-EFA9C75F6560}"
EndProject
Global
	GlobalSection(SolutionConfigurationPlatforms) = preSolution
		Debug|Any CPU = Debug|Any CPU
		Release|Any CPU = Release|Any CPU
	EndGlobalSection
	GlobalSection(ProjectConfigurationPlatforms) = postSolution
		{137BB2BD-AE78-4D8A-9537-EFA9C75F6560}.Debug|Any CPU.ActiveCfg = Debug|Any CPU
		{137BB2BD-AE78-4D8A-9537-EFA9C75F6560}.Debug|Any CPU.Build.0 = Debug|Any CPU
		{137BB2BD-AE78-4D8A-9537-EFA9C75F6560}.Release|Any CPU.ActiveCfg = Release|Any CPU
		{137BB2BD-AE78-4D8A-9537-EFA9C75F6560}.Release|Any CPU.Build.0 = Release|Any CPU
	EndGlobalSection
	GlobalSection(SolutionProperties) = preSolution
		HideSolutionNode = FALSE
	EndGlobalSection
	GlobalSection(ExtensibilityGlobals) = postSolution
		SolutionGuid = {FB94E503-CCDF-49A7-A9E8-53A77B3523C5}
	EndGlobalSection
EndGlobal
